
Microsoft Visual Studio Solution File, Format Version 12.00
# Visual Studio Version 17
VisualStudioVersion = 17.9.34714.143
MinimumVisualStudioVersion = 10.0.40219.1
Project("{FAE04EC0-301F-11D3-BF4B-00C04F79EFBC}") = "DZ10", "DZ10\DZ10.csproj", "{E1D2A096-7FDD-4A45-90CE-B68D13CB1B3A}"
EndProject
Global
	GlobalSection(SolutionConfigurationPlatforms) = preSolution
		Debug|Any CPU = Debug|Any CPU
		Release|Any CPU = Release|Any CPU
	EndGlobalSection
	GlobalSection(ProjectConfigurationPlatforms) = postSolution
		{E1D2A096-7FDD-4A45-90CE-B68D13CB1B3A}.Debug|Any CPU.ActiveCfg = Debug|Any CPU
		{E1D2A096-7FDD-4A45-90CE-B68D13CB1B3A}.Debug|Any CPU.Build.0 = Debug|Any CPU
		{E1D2A096-7FDD-4A45-90CE-B68D13CB1B3A}.Release|Any CPU.ActiveCfg = Release|Any CPU
		{E1D2A096-7FDD-4A45-90CE-B68D13CB1B3A}.Release|Any CPU.Build.0 = Release|Any CPU
	EndGlobalSection
	GlobalSection(SolutionProperties) = preSolution
		HideSolutionNode = FALSE
	EndGlobalSection
	GlobalSection(ExtensibilityGlobals) = postSolution
		SolutionGuid = {744F51CF-A164-4F99-A4D5-C56B91F390B7}
	EndGlobalSection
EndGlobal
